
Microsoft Visual Studio Solution File, Format Version 12.00
# Visual Studio 15
VisualStudioVersion = 15.0.28307.852
MinimumVisualStudioVersion = 10.0.40219.1
Project("{FAE04EC0-301F-11D3-BF4B-00C04F79EFBC}") = "Downloader", "Downloader\Downloader.csproj", "{8C1C57F0-1325-4C02-96F8-7872552B7A64}"
EndProject
Project("{FAE04EC0-301F-11D3-BF4B-00C04F79EFBC}") = "DownloaderDriver", "DownloaderDriver\DownloaderDriver.csproj", "{FDF70610-0985-46CF-9BF3-8097589ADA99}"
EndProject
Global
	GlobalSection(SolutionConfigurationPlatforms) = preSolution
		Debug|Any CPU = Debug|Any CPU
		Release|Any CPU = Release|Any CPU
	EndGlobalSection
	GlobalSection(ProjectConfigurationPlatforms) = postSolution
		{8C1C57F0-1325-4C02-96F8-7872552B7A64}.Debug|Any CPU.ActiveCfg = Debug|Any CPU
		{8C1C57F0-1325-4C02-96F8-7872552B7A64}.Debug|Any CPU.Build.0 = Debug|Any CPU
		{8C1C57F0-1325-4C02-96F8-7872552B7A64}.Release|Any CPU.ActiveCfg = Release|Any CPU
		{8C1C57F0-1325-4C02-96F8-7872552B7A64}.Release|Any CPU.Build.0 = Release|Any CPU
		{FDF70610-0985-46CF-9BF3-8097589ADA99}.Debug|Any CPU.ActiveCfg = Debug|Any CPU
		{FDF70610-0985-46CF-9BF3-8097589ADA99}.Debug|Any CPU.Build.0 = Debug|Any CPU
		{FDF70610-0985-46CF-9BF3-8097589ADA99}.Release|Any CPU.ActiveCfg = Release|Any CPU
		{FDF70610-0985-46CF-9BF3-8097589ADA99}.Release|Any CPU.Build.0 = Release|Any CPU
	EndGlobalSection
	GlobalSection(SolutionProperties) = preSolution
		HideSolutionNode = FALSE
	EndGlobalSection
	GlobalSection(ExtensibilityGlobals) = postSolution
		SolutionGuid = {6C245C16-CD26-448A-8E5E-64FECEC30682}
	EndGlobalSection
EndGlobal
